// !$*UTF8*$!
{
	archiveVersion = 1;
	classes = {
	};
	objectVersion = 55;
	objects = {

/* Begin PBXBuildFile section */
		B212383D2892BDF800F06BFA /* DetailView.swift in Sources */ = {isa = PBXBuildFile; fileRef = B212383C2892BDF800F06BFA /* DetailView.swift */; };
		B220558A2894082B00254F6F /* CoinDetailModel.swift in Sources */ = {isa = PBXBuildFile; fileRef = B22055892894082B00254F6F /* CoinDetailModel.swift */; };
		B220558C28940B4200254F6F /* DetailViewModel.swift in Sources */ = {isa = PBXBuildFile; fileRef = B220558B28940B4200254F6F /* DetailViewModel.swift */; };
		B220558E28940B7400254F6F /* CoinDetailDataService.swift in Sources */ = {isa = PBXBuildFile; fileRef = B220558D28940B7400254F6F /* CoinDetailDataService.swift */; };
		B22055902894180B00254F6F /* TitleView.swift in Sources */ = {isa = PBXBuildFile; fileRef = B220558F2894180B00254F6F /* TitleView.swift */; };
		B2205592289557D700254F6F /* ChartView.swift in Sources */ = {isa = PBXBuildFile; fileRef = B2205591289557D700254F6F /* ChartView.swift */; };
		B220559428955F3400254F6F /* Date.swift in Sources */ = {isa = PBXBuildFile; fileRef = B220559328955F3400254F6F /* Date.swift */; };
		B22055962896B47A00254F6F /* String.swift in Sources */ = {isa = PBXBuildFile; fileRef = B22055952896B47A00254F6F /* String.swift */; };
		B2261463289E35B100CD0379 /* Assets.xcassets in Resources */ = {isa = PBXBuildFile; fileRef = B2261462289E35B100CD0379 /* Assets.xcassets */; };
		B24CA758288ACFE5001A23ED /* CoinImageView.swift in Sources */ = {isa = PBXBuildFile; fileRef = B24CA757288ACFE5001A23ED /* CoinImageView.swift */; };
		B24CA75A288AD1D8001A23ED /* CoinImageService.swift in Sources */ = {isa = PBXBuildFile; fileRef = B24CA759288AD1D8001A23ED /* CoinImageService.swift */; };
		B24CA75C288AD438001A23ED /* CoinImageViewModel.swift in Sources */ = {isa = PBXBuildFile; fileRef = B24CA75B288AD438001A23ED /* CoinImageViewModel.swift */; };
		B24CA75E288B7009001A23ED /* LocalFileManager.swift in Sources */ = {isa = PBXBuildFile; fileRef = B24CA75D288B7009001A23ED /* LocalFileManager.swift */; };
		B24CA760288B7D1F001A23ED /* SearchBarView.swift in Sources */ = {isa = PBXBuildFile; fileRef = B24CA75F288B7D1F001A23ED /* SearchBarView.swift */; };
		B24CA762288B80DB001A23ED /* UIApplication.swift in Sources */ = {isa = PBXBuildFile; fileRef = B24CA761288B80DB001A23ED /* UIApplication.swift */; };
		B24CA764288B9B60001A23ED /* StatisticModel.swift in Sources */ = {isa = PBXBuildFile; fileRef = B24CA763288B9B60001A23ED /* StatisticModel.swift */; };
		B24CA766288B9C53001A23ED /* StatisticView.swift in Sources */ = {isa = PBXBuildFile; fileRef = B24CA765288B9C53001A23ED /* StatisticView.swift */; };
		B24CA768288BA162001A23ED /* HomeStatsView.swift in Sources */ = {isa = PBXBuildFile; fileRef = B24CA767288BA162001A23ED /* HomeStatsView.swift */; };
		B24CA76A288BC0FA001A23ED /* MarketDataModel.swift in Sources */ = {isa = PBXBuildFile; fileRef = B24CA769288BC0FA001A23ED /* MarketDataModel.swift */; };
		B24CA76C288BC695001A23ED /* MarketDataService.swift in Sources */ = {isa = PBXBuildFile; fileRef = B24CA76B288BC695001A23ED /* MarketDataService.swift */; };
		B24CA76E288BDD50001A23ED /* PortfolioView.swift in Sources */ = {isa = PBXBuildFile; fileRef = B24CA76D288BDD50001A23ED /* PortfolioView.swift */; };
		B24CA770288BDEAB001A23ED /* XMarkButton.swift in Sources */ = {isa = PBXBuildFile; fileRef = B24CA76F288BDEAB001A23ED /* XMarkButton.swift */; };
		B24CA772288D6B83001A23ED /* CoinLogoView.swift in Sources */ = {isa = PBXBuildFile; fileRef = B24CA771288D6B83001A23ED /* CoinLogoView.swift */; };
		B24CA774288DFFFD001A23ED /* PortfolioDataService.swift in Sources */ = {isa = PBXBuildFile; fileRef = B24CA773288DFFFD001A23ED /* PortfolioDataService.swift */; };
		B25425A52885383B0008A5A0 /* CryptoCheckerApp.swift in Sources */ = {isa = PBXBuildFile; fileRef = B25425A42885383B0008A5A0 /* CryptoCheckerApp.swift */; };
		B25425AC2885383E0008A5A0 /* Preview Assets.xcassets in Resources */ = {isa = PBXBuildFile; fileRef = B25425AB2885383E0008A5A0 /* Preview Assets.xcassets */; };
		B25425B12885383E0008A5A0 /* PortfolioContainer.xcdatamodeld in Sources */ = {isa = PBXBuildFile; fileRef = B25425AF2885383E0008A5A0 /* PortfolioContainer.xcdatamodeld */; };
		B25425BB28853B0F0008A5A0 /* Color.swift in Sources */ = {isa = PBXBuildFile; fileRef = B25425BA28853B0F0008A5A0 /* Color.swift */; };
		B25425C228853C7C0008A5A0 /* HomeView.swift in Sources */ = {isa = PBXBuildFile; fileRef = B25425C128853C7C0008A5A0 /* HomeView.swift */; };
		B25425C628853E0F0008A5A0 /* CircleButtonView.swift in Sources */ = {isa = PBXBuildFile; fileRef = B25425C528853E0F0008A5A0 /* CircleButtonView.swift */; };
		B25425C8288544FA0008A5A0 /* CircleButtonAnimationView.swift in Sources */ = {isa = PBXBuildFile; fileRef = B25425C7288544FA0008A5A0 /* CircleButtonAnimationView.swift */; };
		B25425CB288547280008A5A0 /* CoinModel.swift in Sources */ = {isa = PBXBuildFile; fileRef = B25425CA288547280008A5A0 /* CoinModel.swift */; };
		B25425CD28858EB80008A5A0 /* CoinRowView.swift in Sources */ = {isa = PBXBuildFile; fileRef = B25425CC28858EB80008A5A0 /* CoinRowView.swift */; };
		B25425CF28858ED70008A5A0 /* PreviewProvider.swift in Sources */ = {isa = PBXBuildFile; fileRef = B25425CE28858ED70008A5A0 /* PreviewProvider.swift */; };
		B25425D1288593DB0008A5A0 /* Double.swift in Sources */ = {isa = PBXBuildFile; fileRef = B25425D0288593DB0008A5A0 /* Double.swift */; };
		B26BC49E28897D9D0056D91F /* CoinDataService.swift in Sources */ = {isa = PBXBuildFile; fileRef = B26BC49D28897D9D0056D91F /* CoinDataService.swift */; };
		B26BC4A1288A07950056D91F /* NetworkManager.swift in Sources */ = {isa = PBXBuildFile; fileRef = B26BC4A0288A07950056D91F /* NetworkManager.swift */; };
		B288F32A289B366C00CED8A7 /* SettingView.swift in Sources */ = {isa = PBXBuildFile; fileRef = B288F329289B366C00CED8A7 /* SettingView.swift */; };
		B2A728A3289015170017781F /* HapticManager.swift in Sources */ = {isa = PBXBuildFile; fileRef = B2A728A2289015170017781F /* HapticManager.swift */; };
		B2B7301A28876FA100F5E75E /* HomeViewModel.swift in Sources */ = {isa = PBXBuildFile; fileRef = B2B7301928876FA100F5E75E /* HomeViewModel.swift */; };
/* End PBXBuildFile section */

/* Begin PBXFileReference section */
		B212383C2892BDF800F06BFA /* DetailView.swift */ = {isa = PBXFileReference; lastKnownFileType = sourcecode.swift; path = DetailView.swift; sourceTree = "<group>"; };
		B22055892894082B00254F6F /* CoinDetailModel.swift */ = {isa = PBXFileReference; lastKnownFileType = sourcecode.swift; path = CoinDetailModel.swift; sourceTree = "<group>"; };
		B220558B28940B4200254F6F /* DetailViewModel.swift */ = {isa = PBXFileReference; lastKnownFileType = sourcecode.swift; path = DetailViewModel.swift; sourceTree = "<group>"; };
		B220558D28940B7400254F6F /* CoinDetailDataService.swift */ = {isa = PBXFileReference; lastKnownFileType = sourcecode.swift; path = CoinDetailDataService.swift; sourceTree = "<group>"; };
		B220558F2894180B00254F6F /* TitleView.swift */ = {isa = PBXFileReference; lastKnownFileType = sourcecode.swift; path = TitleView.swift; sourceTree = "<group>"; };
		B2205591289557D700254F6F /* ChartView.swift */ = {isa = PBXFileReference; lastKnownFileType = sourcecode.swift; path = ChartView.swift; sourceTree = "<group>"; };
		B220559328955F3400254F6F /* Date.swift */ = {isa = PBXFileReference; lastKnownFileType = sourcecode.swift; path = Date.swift; sourceTree = "<group>"; };
		B22055952896B47A00254F6F /* String.swift */ = {isa = PBXFileReference; lastKnownFileType = sourcecode.swift; path = String.swift; sourceTree = "<group>"; };
		B2261462289E35B100CD0379 /* Assets.xcassets */ = {isa = PBXFileReference; lastKnownFileType = folder.assetcatalog; name = Assets.xcassets; path = "Preview Content/Assets.xcassets"; sourceTree = "<group>"; };
		B24CA757288ACFE5001A23ED /* CoinImageView.swift */ = {isa = PBXFileReference; lastKnownFileType = sourcecode.swift; path = CoinImageView.swift; sourceTree = "<group>"; };
		B24CA759288AD1D8001A23ED /* CoinImageService.swift */ = {isa = PBXFileReference; lastKnownFileType = sourcecode.swift; path = CoinImageService.swift; sourceTree = "<group>"; };
		B24CA75B288AD438001A23ED /* CoinImageViewModel.swift */ = {isa = PBXFileReference; lastKnownFileType = sourcecode.swift; path = CoinImageViewModel.swift; sourceTree = "<group>"; };
		B24CA75D288B7009001A23ED /* LocalFileManager.swift */ = {isa = PBXFileReference; lastKnownFileType = sourcecode.swift; path = LocalFileManager.swift; sourceTree = "<group>"; };
		B24CA75F288B7D1F001A23ED /* SearchBarView.swift */ = {isa = PBXFileReference; lastKnownFileType = sourcecode.swift; path = SearchBarView.swift; sourceTree = "<group>"; };
		B24CA761288B80DB001A23ED /* UIApplication.swift */ = {isa = PBXFileReference; lastKnownFileType = sourcecode.swift; path = UIApplication.swift; sourceTree = "<group>"; };
		B24CA763288B9B60001A23ED /* StatisticModel.swift */ = {isa = PBXFileReference; lastKnownFileType = sourcecode.swift; path = StatisticModel.swift; sourceTree = "<group>"; };
		B24CA765288B9C53001A23ED /* StatisticView.swift */ = {isa = PBXFileReference; lastKnownFileType = sourcecode.swift; path = StatisticView.swift; sourceTree = "<group>"; };
		B24CA767288BA162001A23ED /* HomeStatsView.swift */ = {isa = PBXFileReference; lastKnownFileType = sourcecode.swift; path = HomeStatsView.swift; sourceTree = "<group>"; };
		B24CA769288BC0FA001A23ED /* MarketDataModel.swift */ = {isa = PBXFileReference; lastKnownFileType = sourcecode.swift; path = MarketDataModel.swift; sourceTree = "<group>"; };
		B24CA76B288BC695001A23ED /* MarketDataService.swift */ = {isa = PBXFileReference; lastKnownFileType = sourcecode.swift; path = MarketDataService.swift; sourceTree = "<group>"; };
		B24CA76D288BDD50001A23ED /* PortfolioView.swift */ = {isa = PBXFileReference; lastKnownFileType = sourcecode.swift; path = PortfolioView.swift; sourceTree = "<group>"; };
		B24CA76F288BDEAB001A23ED /* XMarkButton.swift */ = {isa = PBXFileReference; lastKnownFileType = sourcecode.swift; path = XMarkButton.swift; sourceTree = "<group>"; };
		B24CA771288D6B83001A23ED /* CoinLogoView.swift */ = {isa = PBXFileReference; lastKnownFileType = sourcecode.swift; path = CoinLogoView.swift; sourceTree = "<group>"; };
		B24CA773288DFFFD001A23ED /* PortfolioDataService.swift */ = {isa = PBXFileReference; lastKnownFileType = sourcecode.swift; path = PortfolioDataService.swift; sourceTree = "<group>"; };
		B25425A12885383B0008A5A0 /* Crypto.app */ = {isa = PBXFileReference; explicitFileType = wrapper.application; includeInIndex = 0; path = Crypto.app; sourceTree = BUILT_PRODUCTS_DIR; };
		B25425A42885383B0008A5A0 /* CryptoCheckerApp.swift */ = {isa = PBXFileReference; lastKnownFileType = sourcecode.swift; path = CryptoCheckerApp.swift; sourceTree = "<group>"; };
		B25425AB2885383E0008A5A0 /* Preview Assets.xcassets */ = {isa = PBXFileReference; lastKnownFileType = folder.assetcatalog; path = "Preview Assets.xcassets"; sourceTree = "<group>"; };
		B25425B02885383E0008A5A0 /* CryptoChecker.xcdatamodel */ = {isa = PBXFileReference; lastKnownFileType = wrapper.xcdatamodel; path = CryptoChecker.xcdatamodel; sourceTree = "<group>"; };
		B25425BA28853B0F0008A5A0 /* Color.swift */ = {isa = PBXFileReference; lastKnownFileType = sourcecode.swift; path = Color.swift; sourceTree = "<group>"; };
		B25425C128853C7C0008A5A0 /* HomeView.swift */ = {isa = PBXFileReference; lastKnownFileType = sourcecode.swift; path = HomeView.swift; sourceTree = "<group>"; };
		B25425C528853E0F0008A5A0 /* CircleButtonView.swift */ = {isa = PBXFileReference; lastKnownFileType = sourcecode.swift; path = CircleButtonView.swift; sourceTree = "<group>"; };
		B25425C7288544FA0008A5A0 /* CircleButtonAnimationView.swift */ = {isa = PBXFileReference; lastKnownFileType = sourcecode.swift; path = CircleButtonAnimationView.swift; sourceTree = "<group>"; };
		B25425CA288547280008A5A0 /* CoinModel.swift */ = {isa = PBXFileReference; lastKnownFileType = sourcecode.swift; path = CoinModel.swift; sourceTree = "<group>"; };
		B25425CC28858EB80008A5A0 /* CoinRowView.swift */ = {isa = PBXFileReference; lastKnownFileType = sourcecode.swift; path = CoinRowView.swift; sourceTree = "<group>"; };
		B25425CE28858ED70008A5A0 /* PreviewProvider.swift */ = {isa = PBXFileReference; lastKnownFileType = sourcecode.swift; path = PreviewProvider.swift; sourceTree = "<group>"; };
		B25425D0288593DB0008A5A0 /* Double.swift */ = {isa = PBXFileReference; lastKnownFileType = sourcecode.swift; path = Double.swift; sourceTree = "<group>"; };
		B26BC49D28897D9D0056D91F /* CoinDataService.swift */ = {isa = PBXFileReference; lastKnownFileType = sourcecode.swift; path = CoinDataService.swift; sourceTree = "<group>"; };
		B26BC4A0288A07950056D91F /* NetworkManager.swift */ = {isa = PBXFileReference; lastKnownFileType = sourcecode.swift; path = NetworkManager.swift; sourceTree = "<group>"; };
		B288F329289B366C00CED8A7 /* SettingView.swift */ = {isa = PBXFileReference; lastKnownFileType = sourcecode.swift; path = SettingView.swift; sourceTree = "<group>"; };
		B2A728A2289015170017781F /* HapticManager.swift */ = {isa = PBXFileReference; lastKnownFileType = sourcecode.swift; path = HapticManager.swift; sourceTree = "<group>"; };
		B2B7301928876FA100F5E75E /* HomeViewModel.swift */ = {isa = PBXFileReference; lastKnownFileType = sourcecode.swift; path = HomeViewModel.swift; sourceTree = "<group>"; };
/* End PBXFileReference section */

/* Begin PBXFrameworksBuildPhase section */
		B254259E2885383B0008A5A0 /* Frameworks */ = {
			isa = PBXFrameworksBuildPhase;
			buildActionMask = 2147483647;
			files = (
			);
			runOnlyForDeploymentPostprocessing = 0;
		};
/* End PBXFrameworksBuildPhase section */

/* Begin PBXGroup section */
		B21238392892BDDA00F06BFA /* Details */ = {
			isa = PBXGroup;
			children = (
				B212383B2892BDE800F06BFA /* Views */,
				B212383A2892BDDF00F06BFA /* ViewModels */,
			);
			path = Details;
			sourceTree = "<group>";
		};
		B212383A2892BDDF00F06BFA /* ViewModels */ = {
			isa = PBXGroup;
			children = (
				B220558B28940B4200254F6F /* DetailViewModel.swift */,
			);
			path = ViewModels;
			sourceTree = "<group>";
		};
		B212383B2892BDE800F06BFA /* Views */ = {
			isa = PBXGroup;
			children = (
				B212383C2892BDF800F06BFA /* DetailView.swift */,
				B2205591289557D700254F6F /* ChartView.swift */,
			);
			path = Views;
			sourceTree = "<group>";
		};
		B24CA756288ACFCA001A23ED /* CoinImage */ = {
			isa = PBXGroup;
			children = (
				B24CA757288ACFE5001A23ED /* CoinImageView.swift */,
				B24CA75B288AD438001A23ED /* CoinImageViewModel.swift */,
				B24CA771288D6B83001A23ED /* CoinLogoView.swift */,
			);
			path = CoinImage;
			sourceTree = "<group>";
		};
		B25425982885383B0008A5A0 = {
			isa = PBXGroup;
			children = (
				B25425A32885383B0008A5A0 /* CryptoChecker */,
				B25425A22885383B0008A5A0 /* Products */,
			);
			sourceTree = "<group>";
		};
		B25425A22885383B0008A5A0 /* Products */ = {
			isa = PBXGroup;
			children = (
				B25425A12885383B0008A5A0 /* Crypto.app */,
			);
			name = Products;
			sourceTree = "<group>";
		};
		B25425A32885383B0008A5A0 /* CryptoChecker */ = {
			isa = PBXGroup;
			children = (
				B2261462289E35B100CD0379 /* Assets.xcassets */,
				B26BC49F288A07810056D91F /* Utilities */,
				B26BC49C28897D850056D91F /* Services */,
				B25425A42885383B0008A5A0 /* CryptoCheckerApp.swift */,
				B25425C92885471C0008A5A0 /* Models */,
				B25425BC28853C3D0008A5A0 /* Core */,
				B25425B928853B030008A5A0 /* Extensions */,
				B25425AA2885383E0008A5A0 /* Preview Content */,
			);
			path = CryptoChecker;
			sourceTree = "<group>";
		};
		B25425AA2885383E0008A5A0 /* Preview Content */ = {
			isa = PBXGroup;
			children = (
				B25425AB2885383E0008A5A0 /* Preview Assets.xcassets */,
			);
			path = "Preview Content";
			sourceTree = "<group>";
		};
		B25425B928853B030008A5A0 /* Extensions */ = {
			isa = PBXGroup;
			children = (
				B25425BA28853B0F0008A5A0 /* Color.swift */,
				B25425CE28858ED70008A5A0 /* PreviewProvider.swift */,
				B25425D0288593DB0008A5A0 /* Double.swift */,
				B24CA761288B80DB001A23ED /* UIApplication.swift */,
				B220559328955F3400254F6F /* Date.swift */,
				B22055952896B47A00254F6F /* String.swift */,
			);
			path = Extensions;
			sourceTree = "<group>";
		};
		B25425BC28853C3D0008A5A0 /* Core */ = {
			isa = PBXGroup;
			children = (
				B288F327289B365600CED8A7 /* Settings */,
				B21238392892BDDA00F06BFA /* Details */,
				B25425C328853DD00008A5A0 /* Components */,
				B25425BD28853C440008A5A0 /* Home */,
			);
			path = Core;
			sourceTree = "<group>";
		};
		B25425BD28853C440008A5A0 /* Home */ = {
			isa = PBXGroup;
			children = (
				B25425BF28853C570008A5A0 /* ViewModels */,
				B25425BE28853C490008A5A0 /* Views */,
			);
			path = Home;
			sourceTree = "<group>";
		};
		B25425BE28853C490008A5A0 /* Views */ = {
			isa = PBXGroup;
			children = (
				B25425C128853C7C0008A5A0 /* HomeView.swift */,
				B24CA767288BA162001A23ED /* HomeStatsView.swift */,
				B25425CC28858EB80008A5A0 /* CoinRowView.swift */,
				B24CA76D288BDD50001A23ED /* PortfolioView.swift */,
			);
			path = Views;
			sourceTree = "<group>";
		};
		B25425BF28853C570008A5A0 /* ViewModels */ = {
			isa = PBXGroup;
			children = (
				B2B7301928876FA100F5E75E /* HomeViewModel.swift */,
			);
			path = ViewModels;
			sourceTree = "<group>";
		};
		B25425C328853DD00008A5A0 /* Components */ = {
			isa = PBXGroup;
			children = (
				B24CA756288ACFCA001A23ED /* CoinImage */,
				B25425C428853DE10008A5A0 /* CircleButton */,
				B24CA75F288B7D1F001A23ED /* SearchBarView.swift */,
				B24CA765288B9C53001A23ED /* StatisticView.swift */,
				B24CA76F288BDEAB001A23ED /* XMarkButton.swift */,
				B220558F2894180B00254F6F /* TitleView.swift */,
			);
			path = Components;
			sourceTree = "<group>";
		};
		B25425C428853DE10008A5A0 /* CircleButton */ = {
			isa = PBXGroup;
			children = (
				B25425C528853E0F0008A5A0 /* CircleButtonView.swift */,
				B25425C7288544FA0008A5A0 /* CircleButtonAnimationView.swift */,
			);
			path = CircleButton;
			sourceTree = "<group>";
		};
		B25425C92885471C0008A5A0 /* Models */ = {
			isa = PBXGroup;
			children = (
				B25425CA288547280008A5A0 /* CoinModel.swift */,
				B24CA763288B9B60001A23ED /* StatisticModel.swift */,
				B24CA769288BC0FA001A23ED /* MarketDataModel.swift */,
				B25425AF2885383E0008A5A0 /* PortfolioContainer.xcdatamodeld */,
				B22055892894082B00254F6F /* CoinDetailModel.swift */,
			);
			path = Models;
			sourceTree = "<group>";
		};
		B26BC49C28897D850056D91F /* Services */ = {
			isa = PBXGroup;
			children = (
				B26BC49D28897D9D0056D91F /* CoinDataService.swift */,
				B24CA759288AD1D8001A23ED /* CoinImageService.swift */,
				B24CA76B288BC695001A23ED /* MarketDataService.swift */,
				B24CA773288DFFFD001A23ED /* PortfolioDataService.swift */,
				B220558D28940B7400254F6F /* CoinDetailDataService.swift */,
			);
			path = Services;
			sourceTree = "<group>";
		};
		B26BC49F288A07810056D91F /* Utilities */ = {
			isa = PBXGroup;
			children = (
				B26BC4A0288A07950056D91F /* NetworkManager.swift */,
				B24CA75D288B7009001A23ED /* LocalFileManager.swift */,
				B2A728A2289015170017781F /* HapticManager.swift */,
			);
			path = Utilities;
			sourceTree = "<group>";
		};
		B288F327289B365600CED8A7 /* Settings */ = {
			isa = PBXGroup;
			children = (
				B288F328289B366200CED8A7 /* Views */,
			);
			path = Settings;
			sourceTree = "<group>";
		};
		B288F328289B366200CED8A7 /* Views */ = {
			isa = PBXGroup;
			children = (
				B288F329289B366C00CED8A7 /* SettingView.swift */,
			);
			path = Views;
			sourceTree = "<group>";
		};
/* End PBXGroup section */

/* Begin PBXNativeTarget section */
		B25425A02885383B0008A5A0 /* CryptoChecker */ = {
			isa = PBXNativeTarget;
			buildConfigurationList = B25425B42885383E0008A5A0 /* Build configuration list for PBXNativeTarget "CryptoChecker" */;
			buildPhases = (
				B254259D2885383B0008A5A0 /* Sources */,
				B254259E2885383B0008A5A0 /* Frameworks */,
				B254259F2885383B0008A5A0 /* Resources */,
			);
			buildRules = (
			);
			dependencies = (
			);
			name = CryptoChecker;
			productName = CryptoChecker;
			productReference = B25425A12885383B0008A5A0 /* Crypto.app */;
			productType = "com.apple.product-type.application";
		};
/* End PBXNativeTarget section */

/* Begin PBXProject section */
		B25425992885383B0008A5A0 /* Project object */ = {
			isa = PBXProject;
			attributes = {
				BuildIndependentTargetsInParallel = 1;
				LastSwiftUpdateCheck = 1340;
				LastUpgradeCheck = 1340;
				TargetAttributes = {
					B25425A02885383B0008A5A0 = {
						CreatedOnToolsVersion = 13.4.1;
					};
				};
			};
			buildConfigurationList = B254259C2885383B0008A5A0 /* Build configuration list for PBXProject "CryptoChecker" */;
			compatibilityVersion = "Xcode 13.0";
			developmentRegion = en;
			hasScannedForEncodings = 0;
			knownRegions = (
				en,
				Base,
			);
			mainGroup = B25425982885383B0008A5A0;
			productRefGroup = B25425A22885383B0008A5A0 /* Products */;
			projectDirPath = "";
			projectRoot = "";
			targets = (
				B25425A02885383B0008A5A0 /* CryptoChecker */,
			);
		};
/* End PBXProject section */

/* Begin PBXResourcesBuildPhase section */
		B254259F2885383B0008A5A0 /* Resources */ = {
			isa = PBXResourcesBuildPhase;
			buildActionMask = 2147483647;
			files = (
				B2261463289E35B100CD0379 /* Assets.xcassets in Resources */,
				B25425AC2885383E0008A5A0 /* Preview Assets.xcassets in Resources */,
			);
			runOnlyForDeploymentPostprocessing = 0;
		};
/* End PBXResourcesBuildPhase section */

/* Begin PBXSourcesBuildPhase section */
		B254259D2885383B0008A5A0 /* Sources */ = {
			isa = PBXSourcesBuildPhase;
			buildActionMask = 2147483647;
			files = (
				B24CA760288B7D1F001A23ED /* SearchBarView.swift in Sources */,
				B25425B12885383E0008A5A0 /* PortfolioContainer.xcdatamodeld in Sources */,
				B24CA770288BDEAB001A23ED /* XMarkButton.swift in Sources */,
				B2205592289557D700254F6F /* ChartView.swift in Sources */,
				B26BC49E28897D9D0056D91F /* CoinDataService.swift in Sources */,
				B25425CD28858EB80008A5A0 /* CoinRowView.swift in Sources */,
				B25425C628853E0F0008A5A0 /* CircleButtonView.swift in Sources */,
				B220559428955F3400254F6F /* Date.swift in Sources */,
				B24CA758288ACFE5001A23ED /* CoinImageView.swift in Sources */,
				B24CA76E288BDD50001A23ED /* PortfolioView.swift in Sources */,
				B220558A2894082B00254F6F /* CoinDetailModel.swift in Sources */,
				B24CA75E288B7009001A23ED /* LocalFileManager.swift in Sources */,
				B24CA774288DFFFD001A23ED /* PortfolioDataService.swift in Sources */,
				B25425C8288544FA0008A5A0 /* CircleButtonAnimationView.swift in Sources */,
				B24CA75A288AD1D8001A23ED /* CoinImageService.swift in Sources */,
				B24CA75C288AD438001A23ED /* CoinImageViewModel.swift in Sources */,
				B212383D2892BDF800F06BFA /* DetailView.swift in Sources */,
				B220558C28940B4200254F6F /* DetailViewModel.swift in Sources */,
				B24CA764288B9B60001A23ED /* StatisticModel.swift in Sources */,
				B24CA76C288BC695001A23ED /* MarketDataService.swift in Sources */,
				B25425CF28858ED70008A5A0 /* PreviewProvider.swift in Sources */,
				B24CA766288B9C53001A23ED /* StatisticView.swift in Sources */,
				B25425C228853C7C0008A5A0 /* HomeView.swift in Sources */,
				B2B7301A28876FA100F5E75E /* HomeViewModel.swift in Sources */,
				B24CA768288BA162001A23ED /* HomeStatsView.swift in Sources */,
				B24CA772288D6B83001A23ED /* CoinLogoView.swift in Sources */,
				B24CA762288B80DB001A23ED /* UIApplication.swift in Sources */,
				B22055962896B47A00254F6F /* String.swift in Sources */,
				B25425BB28853B0F0008A5A0 /* Color.swift in Sources */,
				B288F32A289B366C00CED8A7 /* SettingView.swift in Sources */,
				B25425CB288547280008A5A0 /* CoinModel.swift in Sources */,
				B2A728A3289015170017781F /* HapticManager.swift in Sources */,
				B26BC4A1288A07950056D91F /* NetworkManager.swift in Sources */,
				B22055902894180B00254F6F /* TitleView.swift in Sources */,
				B220558E28940B7400254F6F /* CoinDetailDataService.swift in Sources */,
				B25425D1288593DB0008A5A0 /* Double.swift in Sources */,
				B24CA76A288BC0FA001A23ED /* MarketDataModel.swift in Sources */,
				B25425A52885383B0008A5A0 /* CryptoCheckerApp.swift in Sources */,
			);
			runOnlyForDeploymentPostprocessing = 0;
		};
/* End PBXSourcesBuildPhase section */

/* Begin XCBuildConfiguration section */
		B25425B22885383E0008A5A0 /* Debug */ = {
			isa = XCBuildConfiguration;
			buildSettings = {
				ALWAYS_SEARCH_USER_PATHS = NO;
				CLANG_ANALYZER_NONNULL = YES;
				CLANG_ANALYZER_NUMBER_OBJECT_CONVERSION = YES_AGGRESSIVE;
				CLANG_CXX_LANGUAGE_STANDARD = "gnu++17";
				CLANG_ENABLE_MODULES = YES;
				CLANG_ENABLE_OBJC_ARC = YES;
				CLANG_ENABLE_OBJC_WEAK = YES;
				CLANG_WARN_BLOCK_CAPTURE_AUTORELEASING = YES;
				CLANG_WARN_BOOL_CONVERSION = YES;
				CLANG_WARN_COMMA = YES;
				CLANG_WARN_CONSTANT_CONVERSION = YES;
				CLANG_WARN_DEPRECATED_OBJC_IMPLEMENTATIONS = YES;
				CLANG_WARN_DIRECT_OBJC_ISA_USAGE = YES_ERROR;
				CLANG_WARN_DOCUMENTATION_COMMENTS = YES;
				CLANG_WARN_EMPTY_BODY = YES;
				CLANG_WARN_ENUM_CONVERSION = YES;
				CLANG_WARN_INFINITE_RECURSION = YES;
				CLANG_WARN_INT_CONVERSION = YES;
				CLANG_WARN_NON_LITERAL_NULL_CONVERSION = YES;
				CLANG_WARN_OBJC_IMPLICIT_RETAIN_SELF = YES;
				CLANG_WARN_OBJC_LITERAL_CONVERSION = YES;
				CLANG_WARN_OBJC_ROOT_CLASS = YES_ERROR;
				CLANG_WARN_QUOTED_INCLUDE_IN_FRAMEWORK_HEADER = YES;
				CLANG_WARN_RANGE_LOOP_ANALYSIS = YES;
				CLANG_WARN_STRICT_PROTOTYPES = YES;
				CLANG_WARN_SUSPICIOUS_MOVE = YES;
				CLANG_WARN_UNGUARDED_AVAILABILITY = YES_AGGRESSIVE;
				CLANG_WARN_UNREACHABLE_CODE = YES;
				CLANG_WARN__DUPLICATE_METHOD_MATCH = YES;
				COPY_PHASE_STRIP = NO;
				DEBUG_INFORMATION_FORMAT = dwarf;
				ENABLE_STRICT_OBJC_MSGSEND = YES;
				ENABLE_TESTABILITY = YES;
				GCC_C_LANGUAGE_STANDARD = gnu11;
				GCC_DYNAMIC_NO_PIC = NO;
				GCC_NO_COMMON_BLOCKS = YES;
				GCC_OPTIMIZATION_LEVEL = 0;
				GCC_PREPROCESSOR_DEFINITIONS = (
					"DEBUG=1",
					"$(inherited)",
				);
				GCC_WARN_64_TO_32_BIT_CONVERSION = YES;
				GCC_WARN_ABOUT_RETURN_TYPE = YES_ERROR;
				GCC_WARN_UNDECLARED_SELECTOR = YES;
				GCC_WARN_UNINITIALIZED_AUTOS = YES_AGGRESSIVE;
				GCC_WARN_UNUSED_FUNCTION = YES;
				GCC_WARN_UNUSED_VARIABLE = YES;
				IPHONEOS_DEPLOYMENT_TARGET = 15.5;
				MTL_ENABLE_DEBUG_INFO = INCLUDE_SOURCE;
				MTL_FAST_MATH = YES;
				ONLY_ACTIVE_ARCH = YES;
				SDKROOT = iphoneos;
				SWIFT_ACTIVE_COMPILATION_CONDITIONS = DEBUG;
				SWIFT_OPTIMIZATION_LEVEL = "-Onone";
			};
			name = Debug;
		};
		B25425B32885383E0008A5A0 /* Release */ = {
			isa = XCBuildConfiguration;
			buildSettings = {
				ALWAYS_SEARCH_USER_PATHS = NO;
				CLANG_ANALYZER_NONNULL = YES;
				CLANG_ANALYZER_NUMBER_OBJECT_CONVERSION = YES_AGGRESSIVE;
				CLANG_CXX_LANGUAGE_STANDARD = "gnu++17";
				CLANG_ENABLE_MODULES = YES;
				CLANG_ENABLE_OBJC_ARC = YES;
				CLANG_ENABLE_OBJC_WEAK = YES;
				CLANG_WARN_BLOCK_CAPTURE_AUTORELEASING = YES;
				CLANG_WARN_BOOL_CONVERSION = YES;
				CLANG_WARN_COMMA = YES;
				CLANG_WARN_CONSTANT_CONVERSION = YES;
				CLANG_WARN_DEPRECATED_OBJC_IMPLEMENTATIONS = YES;
				CLANG_WARN_DIRECT_OBJC_ISA_USAGE = YES_ERROR;
				CLANG_WARN_DOCUMENTATION_COMMENTS = YES;
				CLANG_WARN_EMPTY_BODY = YES;
				CLANG_WARN_ENUM_CONVERSION = YES;
				CLANG_WARN_INFINITE_RECURSION = YES;
				CLANG_WARN_INT_CONVERSION = YES;
				CLANG_WARN_NON_LITERAL_NULL_CONVERSION = YES;
				CLANG_WARN_OBJC_IMPLICIT_RETAIN_SELF = YES;
				CLANG_WARN_OBJC_LITERAL_CONVERSION = YES;
				CLANG_WARN_OBJC_ROOT_CLASS = YES_ERROR;
				CLANG_WARN_QUOTED_INCLUDE_IN_FRAMEWORK_HEADER = YES;
				CLANG_WARN_RANGE_LOOP_ANALYSIS = YES;
				CLANG_WARN_STRICT_PROTOTYPES = YES;
				CLANG_WARN_SUSPICIOUS_MOVE = YES;
				CLANG_WARN_UNGUARDED_AVAILABILITY = YES_AGGRESSIVE;
				CLANG_WARN_UNREACHABLE_CODE = YES;
				CLANG_WARN__DUPLICATE_METHOD_MATCH = YES;
				COPY_PHASE_STRIP = NO;
				DEBUG_INFORMATION_FORMAT = "dwarf-with-dsym";
				ENABLE_NS_ASSERTIONS = NO;
				ENABLE_STRICT_OBJC_MSGSEND = YES;
				GCC_C_LANGUAGE_STANDARD = gnu11;
				GCC_NO_COMMON_BLOCKS = YES;
				GCC_WARN_64_TO_32_BIT_CONVERSION = YES;
				GCC_WARN_ABOUT_RETURN_TYPE = YES_ERROR;
				GCC_WARN_UNDECLARED_SELECTOR = YES;
				GCC_WARN_UNINITIALIZED_AUTOS = YES_AGGRESSIVE;
				GCC_WARN_UNUSED_FUNCTION = YES;
				GCC_WARN_UNUSED_VARIABLE = YES;
				IPHONEOS_DEPLOYMENT_TARGET = 15.5;
				MTL_ENABLE_DEBUG_INFO = NO;
				MTL_FAST_MATH = YES;
				SDKROOT = iphoneos;
				SWIFT_COMPILATION_MODE = wholemodule;
				SWIFT_OPTIMIZATION_LEVEL = "-O";
				VALIDATE_PRODUCT = YES;
			};
			name = Release;
		};
		B25425B52885383E0008A5A0 /* Debug */ = {
			isa = XCBuildConfiguration;
			buildSettings = {
				ASSETCATALOG_COMPILER_APPICON_NAME = AppIcon;
				ASSETCATALOG_COMPILER_GLOBAL_ACCENT_COLOR_NAME = AccentColor;
				CODE_SIGN_STYLE = Automatic;
				CURRENT_PROJECT_VERSION = 1;
				DEVELOPMENT_ASSET_PATHS = "\"CryptoChecker/Preview Content\"";
				DEVELOPMENT_TEAM = 394Y786645;
				ENABLE_PREVIEWS = YES;
				GENERATE_INFOPLIST_FILE = YES;
				INFOPLIST_KEY_UIApplicationSceneManifest_Generation = YES;
				INFOPLIST_KEY_UIApplicationSupportsIndirectInputEvents = YES;
				INFOPLIST_KEY_UILaunchScreen_Generation = YES;
				INFOPLIST_KEY_UISupportedInterfaceOrientations = UIInterfaceOrientationPortrait;
				INFOPLIST_KEY_UISupportedInterfaceOrientations_iPad = "UIInterfaceOrientationPortrait UIInterfaceOrientationPortraitUpsideDown UIInterfaceOrientationLandscapeLeft UIInterfaceOrientationLandscapeRight";
				INFOPLIST_KEY_UISupportedInterfaceOrientations_iPhone = "UIInterfaceOrientationPortrait UIInterfaceOrientationLandscapeLeft UIInterfaceOrientationLandscapeRight";
				LD_RUNPATH_SEARCH_PATHS = (
					"$(inherited)",
					"@executable_path/Frameworks",
				);
				MARKETING_VERSION = 1.0;
				PRODUCT_BUNDLE_IDENTIFIER = com.yap.fengyuan.CryptoChecker;
				PRODUCT_NAME = Crypto;
				SWIFT_EMIT_LOC_STRINGS = YES;
				SWIFT_VERSION = 5.0;
				TARGETED_DEVICE_FAMILY = "1,2";
			};
			name = Debug;
		};
		B25425B62885383E0008A5A0 /* Release */ = {
			isa = XCBuildConfiguration;
			buildSettings = {
				ASSETCATALOG_COMPILER_APPICON_NAME = AppIcon;
				ASSETCATALOG_COMPILER_GLOBAL_ACCENT_COLOR_NAME = AccentColor;
				CODE_SIGN_STYLE = Automatic;
				CURRENT_PROJECT_VERSION = 1;
				DEVELOPMENT_ASSET_PATHS = "\"CryptoChecker/Preview Content\"";
				DEVELOPMENT_TEAM = 394Y786645;
				ENABLE_PREVIEWS = YES;
				GENERATE_INFOPLIST_FILE = YES;
				INFOPLIST_KEY_UIApplicationSceneManifest_Generation = YES;
				INFOPLIST_KEY_UIApplicationSupportsIndirectInputEvents = YES;
				INFOPLIST_KEY_UILaunchScreen_Generation = YES;
				INFOPLIST_KEY_UISupportedInterfaceOrientations = UIInterfaceOrientationPortrait;
				INFOPLIST_KEY_UISupportedInterfaceOrientations_iPad = "UIInterfaceOrientationPortrait UIInterfaceOrientationPortraitUpsideDown UIInterfaceOrientationLandscapeLeft UIInterfaceOrientationLandscapeRight";
				INFOPLIST_KEY_UISupportedInterfaceOrientations_iPhone = "UIInterfaceOrientationPortrait UIInterfaceOrientationLandscapeLeft UIInterfaceOrientationLandscapeRight";
				LD_RUNPATH_SEARCH_PATHS = (
					"$(inherited)",
					"@executable_path/Frameworks",
				);
				MARKETING_VERSION = 1.0;
				PRODUCT_BUNDLE_IDENTIFIER = com.yap.fengyuan.CryptoChecker;
				PRODUCT_NAME = Crypto;
				SWIFT_EMIT_LOC_STRINGS = YES;
				SWIFT_VERSION = 5.0;
				TARGETED_DEVICE_FAMILY = "1,2";
			};
			name = Release;
		};
/* End XCBuildConfiguration section */

/* Begin XCConfigurationList section */
		B254259C2885383B0008A5A0 /* Build configuration list for PBXProject "CryptoChecker" */ = {
			isa = XCConfigurationList;
			buildConfigurations = (
				B25425B22885383E0008A5A0 /* Debug */,
				B25425B32885383E0008A5A0 /* Release */,
			);
			defaultConfigurationIsVisible = 0;
			defaultConfigurationName = Release;
		};
		B25425B42885383E0008A5A0 /* Build configuration list for PBXNativeTarget "CryptoChecker" */ = {
			isa = XCConfigurationList;
			buildConfigurations = (
				B25425B52885383E0008A5A0 /* Debug */,
				B25425B62885383E0008A5A0 /* Release */,
			);
			defaultConfigurationIsVisible = 0;
			defaultConfigurationName = Release;
		};
/* End XCConfigurationList section */

/* Begin XCVersionGroup section */
		B25425AF2885383E0008A5A0 /* PortfolioContainer.xcdatamodeld */ = {
			isa = XCVersionGroup;
			children = (
				B25425B02885383E0008A5A0 /* CryptoChecker.xcdatamodel */,
			);
			currentVersion = B25425B02885383E0008A5A0 /* CryptoChecker.xcdatamodel */;
			path = PortfolioContainer.xcdatamodeld;
			sourceTree = "<group>";
			versionGroupType = wrapper.xcdatamodel;
		};
/* End XCVersionGroup section */
	};
	rootObject = B25425992885383B0008A5A0 /* Project object */;
}
